
Microsoft Visual Studio Solution File, Format Version 12.00
# Visual Studio Version 16
VisualStudioVersion = 16.0.31129.286
MinimumVisualStudioVersion = 10.0.40219.1
Project("{FAE04EC0-301F-11D3-BF4B-00C04F79EFBC}") = "WebApplication4", "WebApplication4\WebApplication4.csproj", "{E018BFB8-3681-4B4B-9058-48C8056B890E}"
EndProject
Global
	GlobalSection(SolutionConfigurationPlatforms) = preSolution
		Debug|Any CPU = Debug|Any CPU
		Release|Any CPU = Release|Any CPU
	EndGlobalSection
	GlobalSection(ProjectConfigurationPlatforms) = postSolution
		{E018BFB8-3681-4B4B-9058-48C8056B890E}.Debug|Any CPU.ActiveCfg = Debug|Any CPU
		{E018BFB8-3681-4B4B-9058-48C8056B890E}.Debug|Any CPU.Build.0 = Debug|Any CPU
		{E018BFB8-3681-4B4B-9058-48C8056B890E}.Release|Any CPU.ActiveCfg = Release|Any CPU
		{E018BFB8-3681-4B4B-9058-48C8056B890E}.Release|Any CPU.Build.0 = Release|Any CPU
	EndGlobalSection
	GlobalSection(SolutionProperties) = preSolution
		HideSolutionNode = FALSE
	EndGlobalSection
	GlobalSection(ExtensibilityGlobals) = postSolution
		SolutionGuid = {7774B744-B053-427D-B7F9-E6931AA189D8}
	EndGlobalSection
EndGlobal
